
Microsoft Visual Studio Solution File, Format Version 12.00
# Visual Studio Version 16
VisualStudioVersion = 16.0.31702.278
MinimumVisualStudioVersion = 10.0.40219.1
Project("{FAE04EC0-301F-11D3-BF4B-00C04F79EFBC}") = "P1", "P1\P1.csproj", "{15110475-BB2C-4877-82C8-2CE3DDEBEB84}"
EndProject
Global
	GlobalSection(SolutionConfigurationPlatforms) = preSolution
		Debug|Any CPU = Debug|Any CPU
		Release|Any CPU = Release|Any CPU
	EndGlobalSection
	GlobalSection(ProjectConfigurationPlatforms) = postSolution
		{15110475-BB2C-4877-82C8-2CE3DDEBEB84}.Debug|Any CPU.ActiveCfg = Debug|Any CPU
		{15110475-BB2C-4877-82C8-2CE3DDEBEB84}.Debug|Any CPU.Build.0 = Debug|Any CPU
		{15110475-BB2C-4877-82C8-2CE3DDEBEB84}.Release|Any CPU.ActiveCfg = Release|Any CPU
		{15110475-BB2C-4877-82C8-2CE3DDEBEB84}.Release|Any CPU.Build.0 = Release|Any CPU
	EndGlobalSection
	GlobalSection(SolutionProperties) = preSolution
		HideSolutionNode = FALSE
	EndGlobalSection
	GlobalSection(ExtensibilityGlobals) = postSolution
		SolutionGuid = {F7022008-570A-4CD9-B425-DBA6ED9B3896}
	EndGlobalSection
EndGlobal
