
Microsoft Visual Studio Solution File, Format Version 12.00
# Visual Studio Version 16
VisualStudioVersion = 16.0.31702.278
MinimumVisualStudioVersion = 10.0.40219.1
Project("{FAE04EC0-301F-11D3-BF4B-00C04F79EFBC}") = "Ejercicio 1", "Ejercicio 1.csproj", "{CCE67A3C-B6BC-493A-B1FA-45BEFDA611F5}"
EndProject
Global
	GlobalSection(SolutionConfigurationPlatforms) = preSolution
		Debug|Any CPU = Debug|Any CPU
		Release|Any CPU = Release|Any CPU
	EndGlobalSection
	GlobalSection(ProjectConfigurationPlatforms) = postSolution
		{CCE67A3C-B6BC-493A-B1FA-45BEFDA611F5}.Debug|Any CPU.ActiveCfg = Debug|Any CPU
		{CCE67A3C-B6BC-493A-B1FA-45BEFDA611F5}.Debug|Any CPU.Build.0 = Debug|Any CPU
		{CCE67A3C-B6BC-493A-B1FA-45BEFDA611F5}.Release|Any CPU.ActiveCfg = Release|Any CPU
		{CCE67A3C-B6BC-493A-B1FA-45BEFDA611F5}.Release|Any CPU.Build.0 = Release|Any CPU
	EndGlobalSection
	GlobalSection(SolutionProperties) = preSolution
		HideSolutionNode = FALSE
	EndGlobalSection
	GlobalSection(ExtensibilityGlobals) = postSolution
		SolutionGuid = {00EFF806-7ADC-44DD-88CF-DE1308D55CF6}
	EndGlobalSection
EndGlobal
